github.com/akavel/rsrc v0.10.2 h1:Zxm8V5eI1hW4gGaYsJQUhxpjkENuG91ki8B4zCrvEsw=
github.com/akavel/rsrc v0.10.2/go.mod h1:uLoCtb9J+EyAqh+26kdrTgmzRBFPGOolLWKpdxkKq+c=
github.com/alecthomas/assert/v2 v2.11.0 h1:2Q9r3ki8+JYXvGsDyBXwH3LcJ+WK5D0gc5E8vS6K3D0=
github.com/alecthomas/assert/v2 v2.11.0/go.mod h1:Bze95FyfUr7x34QZrjL+XP+0qgp/zg8yS+TtBj1WA3k=
github.com/alecthomas/kong v1.15.0 h1:BVJstKbpO73zKpmIu+m/aLRrNmWwxXPIGTNin9VmLVI=
github.com/alecthomas/kong v1.15.0/go.mod h1:wrlbXem1CWqUV5Vbmss5ISYhsVPkBb1Yo7YKJghju2I=
github.com/alecthomas/repr v0.5.2 h1:SU73FTI9D1P5UNtvseffFSGmdNci/O6RsqzeXJtP0Qs=
github.com/alecthomas/repr v0.5.2/go.mod h1:Fr0507jx4eOXV7AlPV6AVZLYrLIuIeSOWtW57eE/O/4=
github.com/davecgh/go-spew v1.1.0 h1:ZDRjVQ15GmhC3fiQ8ni8+OwkZQO4DARzQgrnXU1Liz8=
github.com/davecgh/go-spew v1.1.0/go.mod h1:J7Y8YcW2NihsgmVo/mv3lAwl/skON4iLHjSsI+c5H38=
github.com/gentlemanautomaton/cmdline v0.0.0-20250112024754-4dfcc3d8ef7a h1:5FvJpVNCp1r8JGAJdZ4/vrjWZfPVlr9hoKwi4exH+ec=
github.com/gentlemanautomaton/cmdline v0.0.0-20250112024754-4dfcc3d8ef7a/go.mod h1:9KExNyFn6bRT1x+teYaHJFCUmcBU3QoAkrjLmyhWLi4=
github.com/gentlemanautomaton/portableexecutable v0.0.0-20250828093959-90f209bd3cbb h1:gNOEnZqrIDBTVy4GbXVkSV7UNl6DAhiZZNE+g4jnZ4c=
github.com/gentlemanautomaton/portableexecutable v0.0.0-20250828093959-90f209bd3cbb/go.mod h1:Gyk67cgT6WZKuJXNiMT8uW+mPnRGtYSXKcF/1ma3Vq0=
github.com/gentlemanautomaton/structformat v0.0.0-20241022070736-a530f00cc986 h1:m+arUks1zVSeB+A45OFZEGAoQcuxLf1FtvpPfCqx+A4=
github.com/gentlemanautomaton/structformat v0.0.0-20241022070736-a530f00cc986/go.mod h1:uhz3+2BrAHdd5n7dFJLhA6XlYEe9FeUVlbiczezM4do=
github.com/gentlemanautomaton/volmgmt v0.0.0-20260416042335-7ecddad34329 h1:/eMA7QpcXFHnfK/KyUdv9WAdCvU2qfUE3mLMmrVN3PM=
github.com/gentlemanautomaton/volmgmt v0.0.0-20260416042335-7ecddad34329/go.mod h1:9kP4xRJr54DBendDsqd4+JVZjbZ022VEmgbiyMG6GMw=
github.com/gentlemanautomaton/winapp v0.0.0-20260416042723-3f56c56b4ebb h1:w4qu4dDWrOTdCJj+qwXWYD/JZLwLOizDqaPnWQazZoU=
github.com/gentlemanautomaton/winapp v0.0.0-20260416042723-3f56c56b4ebb/go.mod h1:SdRgWNTx7oQGsrP+h7yEAMBeX91HPy6xDR0ckWFoNjc=
github.com/gentlemanautomaton/winobj v0.0.0-20260416043125-4893284bb695 h1:8FO42sk0YSO5zwU2CJR7NQ9ZXOHg2RPcEe/ZaxfgyvY=
github.com/gentlemanautomaton/winobj v0.0.0-20260416043125-4893284bb695/go.mod h1:52BY2U8gerflbvepotIL0Q3D5rN3uIdbG5MCqpnaoQo=
github.com/gentlemanautomaton/winproc v0.0.0-20260416043642-b05e749e6536 h1:kYVBQawsFKgMHrqAp7+Qx9hLIrpzcroDILb1VVsP7Ck=
github.com/gentlemanautomaton/winproc v0.0.0-20260416043642-b05e749e6536/go.mod h1:zuAk6bvqGiMztCtgyOzZyo8UvIxLxU4/mheKYtcLuMc=
github.com/hexops/gotextdiff v1.0.3 h1:gitA9+qJrrTCsiCl7+kh75nPqQt1cx4ZkudSTLoUqJM=
github.com/hexops/gotextdiff v1.0.3/go.mod h1:pSWU5MAI3yDq+fZBTazCSJysOMbxWL1BSow5/V2vxeg=
github.com/josephspurrier/goversioninfo v1.5.0 h1:9TJtORoyf4YMoWSOo/cXFN9A/lB3PniJ91OxIH6e7Zg=
github.com/josephspurrier/goversioninfo v1.5.0/go.mod h1:6MoTvFZ6GKJkzcdLnU5T/RGYUbHQbKpYeNP0AgQLd2o=
github.com/pmezard/go-difflib v1.0.0 h1:4DBwDE0NGyQoBHbLQYPwSUPoCMWR5BEzIk/f1lZbAQM=
github.com/pmezard/go-difflib v1.0.0/go.mod h1:iKH77koFhYxTK1pcRnkKkqfTogsbg7gZNVY4sRDYZ/4=
github.com/stretchr/testify v1.6.1 h1:hDPOHmpOpP40lSULcqw7IrRb/u7w6RpDC9399XyoNd0=
github.com/stretchr/testify v1.6.1/go.mod h1:6Fq8oRcR53rry900zMqJjRRixrwX3KX962/h/Wwjteg=
golang.org/x/mod v0.36.0 h1:JJjpVx6myfUsUdAzZuOSTTmRE0PfZeNWzzvKrP7amb4=
golang.org/x/mod v0.36.0/go.mod h1:moc6ELqsWcOw5Ef3xVprK5ul/MvtVvkIXLziUOICjUQ=
golang.org/x/sys v0.44.0 h1:ildZl3J4uzeKP07r2F++Op7E9B29JRUy+a27EibtBTQ=
golang.org/x/sys v0.44.0/go.mod h1:4GL1E5IUh+htKOUEOaiffhrAeqysfVGipDYzABqnCmw=
golang.org/x/text v0.28.0 h1:rhazDwis8INMIwQ4tpjLDzUhx6RlXqZNPEM0huQojng=
golang.org/x/text v0.28.0/go.mod h1:U8nCwOR8jO/marOQ0QbDiOngZVEBB7MAiitBuMjXiNU=
gopkg.in/yaml.v3 v3.0.0 h1:hjy8E9ON/egN1tAYqKb61G10WtihqetD4sz2H+8nIeA=
gopkg.in/yaml.v3 v3.0.0/go.mod h1:K4uyk7z7BCEPqu6E+C64Yfv1cQ7kz7rIZviUmN+EgEM=
